
Microsoft Visual Studio Solution File, Format Version 12.00
# Visual Studio Version 16
VisualStudioVersion = 16.0.31729.503
MinimumVisualStudioVersion = 10.0.40219.1
Project("{9A19103F-16F7-4668-BE54-9A1E7A4F7556}") = "Aula191021", "Aula191021\Aula191021.csproj", "{34DAF89E-4222-48D2-854A-5DD86A399427}"
EndProject
Project("{9A19103F-16F7-4668-BE54-9A1E7A4F7556}") = "Aula201021", "Aula201021\Aula201021.csproj", "{E51534FE-9336-400F-8065-6BC3F1788279}"
EndProject
Project("{9A19103F-16F7-4668-BE54-9A1E7A4F7556}") = "Aula211021", "Aula211021\Aula211021.csproj", "{74544FB0-9E43-4882-8FE4-580C62E77884}"
EndProject
Project("{9A19103F-16F7-4668-BE54-9A1E7A4F7556}") = "Aula221021", "Aula221021\Aula221021.csproj", "{56CBDC02-8EDE-4592-A3C1-6C3E6BFB1BC3}"
EndProject
Project("{9A19103F-16F7-4668-BE54-9A1E7A4F7556}") = "Aula251021", "outubro\Aula251021\Aula251021.csproj", "{4232DF65-D295-472D-96A4-77FCD345DD88}"
EndProject
Project("{FAE04EC0-301F-11D3-BF4B-00C04F79EFBC}") = "Aula2610", "Aula2610\Aula2610.csproj", "{3AEA031F-49DA-4910-8053-874D103BDD5D}"
EndProject
Project("{9A19103F-16F7-4668-BE54-9A1E7A4F7556}") = "Aula281021", "Aula281021\Aula281021.csproj", "{E41A7DA6-E1C3-4C48-860A-255B8740EEFC}"
EndProject
Project("{9A19103F-16F7-4668-BE54-9A1E7A4F7556}") = "Aula291021", "Aula291021\Aula291021.csproj", "{0AF89787-F5FA-4590-A15A-5DEE0DA355E4}"
EndProject
Project("{FAE04EC0-301F-11D3-BF4B-00C04F79EFBC}") = "Aulta20211101", "Aulta20211101\Aulta20211101.csproj", "{C447DBB2-946C-4935-A042-3EA1A4328207}"
EndProject
Project("{9A19103F-16F7-4668-BE54-9A1E7A4F7556}") = "Aula041121", "novembro\Aula041121\Aula041121.csproj", "{1A8EBA26-2519-4B9E-ACD4-9BC3D8E520F9}"
EndProject
Project("{9A19103F-16F7-4668-BE54-9A1E7A4F7556}") = "Aula081121", "novembro\Aula081121\Aula081121.csproj", "{358CFABD-21B8-44F5-B655-F335D521012A}"
EndProject
Project("{9A19103F-16F7-4668-BE54-9A1E7A4F7556}") = "Aula241121", "novembro\Aula241121WindowsForms\Aula241121\Aula241121.csproj", "{CEB78F5E-1E7C-44EF-8FE8-D1DC6C4042EE}"
EndProject
Project("{9A19103F-16F7-4668-BE54-9A1E7A4F7556}") = "Aula251121POO", "novembro\Aula251121POO\ConsoleApp1\Aula251121POO.csproj", "{2EE92C08-B957-4A63-AF81-3E2A21B7D749}"
EndProject
Project("{9A19103F-16F7-4668-BE54-9A1E7A4F7556}") = "Aula261121POO", "novembro\Aula261121POO\Aula261121POO\Aula261121POO.csproj", "{A57DEAFF-6F56-4994-99D3-FA666C741F09}"
EndProject
Project("{9A19103F-16F7-4668-BE54-9A1E7A4F7556}") = "Aula291121WFJogoDaVelha", "novembro\Aula291121\Aula291121WFJogoDaVelha.csproj", "{F3C30FE6-8FBB-45CD-B284-85CA8DCD08D3}"
EndProject
Project("{FAE04EC0-301F-11D3-BF4B-00C04F79EFBC}") = "Aula301121", "novembro\Aula301121\Aula301121.csproj", "{28809763-3736-4AE7-8E64-54B1A15390EF}"
EndProject
Project("{FAE04EC0-301F-11D3-BF4B-00C04F79EFBC}") = "Aula301121ADO", "novembro\Aula301121ADO\Aula301121ADO.csproj", "{08E94369-6BF7-4579-AF6A-099EC6F7BEB0}"
EndProject
Global
	GlobalSection(SolutionConfigurationPlatforms) = preSolution
		Debug|Any CPU = Debug|Any CPU
		Release|Any CPU = Release|Any CPU
	EndGlobalSection
	GlobalSection(ProjectConfigurationPlatforms) = postSolution
		{34DAF89E-4222-48D2-854A-5DD86A399427}.Debug|Any CPU.ActiveCfg = Debug|Any CPU
		{34DAF89E-4222-48D2-854A-5DD86A399427}.Debug|Any CPU.Build.0 = Debug|Any CPU
		{34DAF89E-4222-48D2-854A-5DD86A399427}.Release|Any CPU.ActiveCfg = Release|Any CPU
		{34DAF89E-4222-48D2-854A-5DD86A399427}.Release|Any CPU.Build.0 = Release|Any CPU
		{E51534FE-9336-400F-8065-6BC3F1788279}.Debug|Any CPU.ActiveCfg = Debug|Any CPU
		{E51534FE-9336-400F-8065-6BC3F1788279}.Debug|Any CPU.Build.0 = Debug|Any CPU
		{E51534FE-9336-400F-8065-6BC3F1788279}.Release|Any CPU.ActiveCfg = Release|Any CPU
		{E51534FE-9336-400F-8065-6BC3F1788279}.Release|Any CPU.Build.0 = Release|Any CPU
		{74544FB0-9E43-4882-8FE4-580C62E77884}.Debug|Any CPU.ActiveCfg = Debug|Any CPU
		{74544FB0-9E43-4882-8FE4-580C62E77884}.Debug|Any CPU.Build.0 = Debug|Any CPU
		{74544FB0-9E43-4882-8FE4-580C62E77884}.Release|Any CPU.ActiveCfg = Release|Any CPU
		{74544FB0-9E43-4882-8FE4-580C62E77884}.Release|Any CPU.Build.0 = Release|Any CPU
		{56CBDC02-8EDE-4592-A3C1-6C3E6BFB1BC3}.Debug|Any CPU.ActiveCfg = Debug|Any CPU
		{56CBDC02-8EDE-4592-A3C1-6C3E6BFB1BC3}.Debug|Any CPU.Build.0 = Debug|Any CPU
		{56CBDC02-8EDE-4592-A3C1-6C3E6BFB1BC3}.Release|Any CPU.ActiveCfg = Release|Any CPU
		{56CBDC02-8EDE-4592-A3C1-6C3E6BFB1BC3}.Release|Any CPU.Build.0 = Release|Any CPU
		{4232DF65-D295-472D-96A4-77FCD345DD88}.Debug|Any CPU.ActiveCfg = Debug|Any CPU
		{4232DF65-D295-472D-96A4-77FCD345DD88}.Debug|Any CPU.Build.0 = Debug|Any CPU
		{4232DF65-D295-472D-96A4-77FCD345DD88}.Release|Any CPU.ActiveCfg = Release|Any CPU
		{4232DF65-D295-472D-96A4-77FCD345DD88}.Release|Any CPU.Build.0 = Release|Any CPU
		{3AEA031F-49DA-4910-8053-874D103BDD5D}.Debug|Any CPU.ActiveCfg = Debug|Any CPU
		{3AEA031F-49DA-4910-8053-874D103BDD5D}.Debug|Any CPU.Build.0 = Debug|Any CPU
		{3AEA031F-49DA-4910-8053-874D103BDD5D}.Release|Any CPU.ActiveCfg = Release|Any CPU
		{3AEA031F-49DA-4910-8053-874D103BDD5D}.Release|Any CPU.Build.0 = Release|Any CPU
		{E41A7DA6-E1C3-4C48-860A-255B8740EEFC}.Debug|Any CPU.ActiveCfg = Debug|Any CPU
		{E41A7DA6-E1C3-4C48-860A-255B8740EEFC}.Debug|Any CPU.Build.0 = Debug|Any CPU
		{E41A7DA6-E1C3-4C48-860A-255B8740EEFC}.Release|Any CPU.ActiveCfg = Release|Any CPU
		{E41A7DA6-E1C3-4C48-860A-255B8740EEFC}.Release|Any CPU.Build.0 = Release|Any CPU
		{0AF89787-F5FA-4590-A15A-5DEE0DA355E4}.Debug|Any CPU.ActiveCfg = Debug|Any CPU
		{0AF89787-F5FA-4590-A15A-5DEE0DA355E4}.Debug|Any CPU.Build.0 = Debug|Any CPU
		{0AF89787-F5FA-4590-A15A-5DEE0DA355E4}.Release|Any CPU.ActiveCfg = Release|Any CPU
		{0AF89787-F5FA-4590-A15A-5DEE0DA355E4}.Release|Any CPU.Build.0 = Release|Any CPU
		{C447DBB2-946C-4935-A042-3EA1A4328207}.Debug|Any CPU.ActiveCfg = Debug|Any CPU
		{C447DBB2-946C-4935-A042-3EA1A4328207}.Debug|Any CPU.Build.0 = Debug|Any CPU
		{C447DBB2-946C-4935-A042-3EA1A4328207}.Release|Any CPU.ActiveCfg = Release|Any CPU
		{C447DBB2-946C-4935-A042-3EA1A4328207}.Release|Any CPU.Build.0 = Release|Any CPU
		{1A8EBA26-2519-4B9E-ACD4-9BC3D8E520F9}.Debug|Any CPU.ActiveCfg = Debug|Any CPU
		{1A8EBA26-2519-4B9E-ACD4-9BC3D8E520F9}.Debug|Any CPU.Build.0 = Debug|Any CPU
		{1A8EBA26-2519-4B9E-ACD4-9BC3D8E520F9}.Release|Any CPU.ActiveCfg = Release|Any CPU
		{1A8EBA26-2519-4B9E-ACD4-9BC3D8E520F9}.Release|Any CPU.Build.0 = Release|Any CPU
		{358CFABD-21B8-44F5-B655-F335D521012A}.Debug|Any CPU.ActiveCfg = Debug|Any CPU
		{358CFABD-21B8-44F5-B655-F335D521012A}.Debug|Any CPU.Build.0 = Debug|Any CPU
		{358CFABD-21B8-44F5-B655-F335D521012A}.Release|Any CPU.ActiveCfg = Release|Any CPU
		{358CFABD-21B8-44F5-B655-F335D521012A}.Release|Any CPU.Build.0 = Release|Any CPU
		{CEB78F5E-1E7C-44EF-8FE8-D1DC6C4042EE}.Debug|Any CPU.ActiveCfg = Debug|Any CPU
		{CEB78F5E-1E7C-44EF-8FE8-D1DC6C4042EE}.Debug|Any CPU.Build.0 = Debug|Any CPU
		{CEB78F5E-1E7C-44EF-8FE8-D1DC6C4042EE}.Release|Any CPU.ActiveCfg = Release|Any CPU
		{CEB78F5E-1E7C-44EF-8FE8-D1DC6C4042EE}.Release|Any CPU.Build.0 = Release|Any CPU
		{2EE92C08-B957-4A63-AF81-3E2A21B7D749}.Debug|Any CPU.ActiveCfg = Debug|Any CPU
		{2EE92C08-B957-4A63-AF81-3E2A21B7D749}.Debug|Any CPU.Build.0 = Debug|Any CPU
		{2EE92C08-B957-4A63-AF81-3E2A21B7D749}.Release|Any CPU.ActiveCfg = Release|Any CPU
		{2EE92C08-B957-4A63-AF81-3E2A21B7D749}.Release|Any CPU.Build.0 = Release|Any CPU
		{A57DEAFF-6F56-4994-99D3-FA666C741F09}.Debug|Any CPU.ActiveCfg = Debug|Any CPU
		{A57DEAFF-6F56-4994-99D3-FA666C741F09}.Debug|Any CPU.Build.0 = Debug|Any CPU
		{A57DEAFF-6F56-4994-99D3-FA666C741F09}.Release|Any CPU.ActiveCfg = Release|Any CPU
		{A57DEAFF-6F56-4994-99D3-FA666C741F09}.Release|Any CPU.Build.0 = Release|Any CPU
		{F3C30FE6-8FBB-45CD-B284-85CA8DCD08D3}.Debug|Any CPU.ActiveCfg = Debug|Any CPU
		{F3C30FE6-8FBB-45CD-B284-85CA8DCD08D3}.Debug|Any CPU.Build.0 = Debug|Any CPU
		{F3C30FE6-8FBB-45CD-B284-85CA8DCD08D3}.Release|Any CPU.ActiveCfg = Release|Any CPU
		{F3C30FE6-8FBB-45CD-B284-85CA8DCD08D3}.Release|Any CPU.Build.0 = Release|Any CPU
		{28809763-3736-4AE7-8E64-54B1A15390EF}.Debug|Any CPU.ActiveCfg = Debug|Any CPU
		{28809763-3736-4AE7-8E64-54B1A15390EF}.Debug|Any CPU.Build.0 = Debug|Any CPU
		{28809763-3736-4AE7-8E64-54B1A15390EF}.Release|Any CPU.ActiveCfg = Release|Any CPU
		{28809763-3736-4AE7-8E64-54B1A15390EF}.Release|Any CPU.Build.0 = Release|Any CPU
		{08E94369-6BF7-4579-AF6A-099EC6F7BEB0}.Debug|Any CPU.ActiveCfg = Debug|Any CPU
		{08E94369-6BF7-4579-AF6A-099EC6F7BEB0}.Debug|Any CPU.Build.0 = Debug|Any CPU
		{08E94369-6BF7-4579-AF6A-099EC6F7BEB0}.Release|Any CPU.ActiveCfg = Release|Any CPU
		{08E94369-6BF7-4579-AF6A-099EC6F7BEB0}.Release|Any CPU.Build.0 = Release|Any CPU
	EndGlobalSection
	GlobalSection(SolutionProperties) = preSolution
		HideSolutionNode = FALSE
	EndGlobalSection
	GlobalSection(ExtensibilityGlobals) = postSolution
		SolutionGuid = {974E3076-9D4D-47E1-B008-8AE4C70EC97C}
	EndGlobalSection
EndGlobal
